
Microsoft Visual Studio Solution File, Format Version 12.00
# Visual Studio Version 17
VisualStudioVersion = 17.7.34009.444
MinimumVisualStudioVersion = 10.0.40219.1
Project("{FAE04EC0-301F-11D3-BF4B-00C04F79EFBC}") = "Modified", "Modified\Modified.csproj", "{555AC609-A9EE-4F62-989A-C7C0AF8B61C7}"
EndProject
Global
	GlobalSection(SolutionConfigurationPlatforms) = preSolution
		Debug|Any CPU = Debug|Any CPU
		Release|Any CPU = Release|Any CPU
	EndGlobalSection
	GlobalSection(ProjectConfigurationPlatforms) = postSolution
		{555AC609-A9EE-4F62-989A-C7C0AF8B61C7}.Debug|Any CPU.ActiveCfg = Debug|Any CPU
		{555AC609-A9EE-4F62-989A-C7C0AF8B61C7}.Debug|Any CPU.Build.0 = Debug|Any CPU
		{555AC609-A9EE-4F62-989A-C7C0AF8B61C7}.Release|Any CPU.ActiveCfg = Release|Any CPU
		{555AC609-A9EE-4F62-989A-C7C0AF8B61C7}.Release|Any CPU.Build.0 = Release|Any CPU
	EndGlobalSection
	GlobalSection(SolutionProperties) = preSolution
		HideSolutionNode = FALSE
	EndGlobalSection
	GlobalSection(ExtensibilityGlobals) = postSolution
		SolutionGuid = {A71FDB39-18B7-4EB3-BB7D-0869A3014BFD}
	EndGlobalSection
EndGlobal
